
Microsoft Visual Studio Solution File, Format Version 12.00
# Visual Studio Version 16
VisualStudioVersion = 16.0.29613.14
MinimumVisualStudioVersion = 10.0.40219.1
Project("{FAE04EC0-301F-11D3-BF4B-00C04F79EFBC}") = "MyFirstApp.Android", "MyFirstApp\MyFirstApp.Android\MyFirstApp.Android.csproj", "{B12B0343-FB6B-4BA0-92DC-B8E8A1E00CA7}"
EndProject
Project("{FAE04EC0-301F-11D3-BF4B-00C04F79EFBC}") = "MyFirstApp.iOS", "MyFirstApp\MyFirstApp.iOS\MyFirstApp.iOS.csproj", "{69D6DCE7-1883-451B-8052-8DE5595CE3B8}"
EndProject
Project("{FAE04EC0-301F-11D3-BF4B-00C04F79EFBC}") = "MyFirstApp", "MyFirstApp\MyFirstApp\MyFirstApp.csproj", "{B1FB8A71-F811-4A3B-8ED5-6A6B97C758F1}"
EndProject
Global
	GlobalSection(SolutionConfigurationPlatforms) = preSolution
		Debug|Any CPU = Debug|Any CPU
		Debug|iPhone = Debug|iPhone
		Debug|iPhoneSimulator = Debug|iPhoneSimulator
		Release|Any CPU = Release|Any CPU
		Release|iPhone = Release|iPhone
		Release|iPhoneSimulator = Release|iPhoneSimulator
	EndGlobalSection
	GlobalSection(ProjectConfigurationPlatforms) = postSolution
		{B12B0343-FB6B-4BA0-92DC-B8E8A1E00CA7}.Debug|Any CPU.ActiveCfg = Debug|Any CPU
		{B12B0343-FB6B-4BA0-92DC-B8E8A1E00CA7}.Debug|Any CPU.Build.0 = Debug|Any CPU
		{B12B0343-FB6B-4BA0-92DC-B8E8A1E00CA7}.Debug|Any CPU.Deploy.0 = Debug|Any CPU
		{B12B0343-FB6B-4BA0-92DC-B8E8A1E00CA7}.Debug|iPhone.ActiveCfg = Debug|Any CPU
		{B12B0343-FB6B-4BA0-92DC-B8E8A1E00CA7}.Debug|iPhone.Build.0 = Debug|Any CPU
		{B12B0343-FB6B-4BA0-92DC-B8E8A1E00CA7}.Debug|iPhone.Deploy.0 = Debug|Any CPU
		{B12B0343-FB6B-4BA0-92DC-B8E8A1E00CA7}.Debug|iPhoneSimulator.ActiveCfg = Debug|Any CPU
		{B12B0343-FB6B-4BA0-92DC-B8E8A1E00CA7}.Debug|iPhoneSimulator.Build.0 = Debug|Any CPU
		{B12B0343-FB6B-4BA0-92DC-B8E8A1E00CA7}.Debug|iPhoneSimulator.Deploy.0 = Debug|Any CPU
		{B12B0343-FB6B-4BA0-92DC-B8E8A1E00CA7}.Release|Any CPU.ActiveCfg = Release|Any CPU
		{B12B0343-FB6B-4BA0-92DC-B8E8A1E00CA7}.Release|Any CPU.Build.0 = Release|Any CPU
		{B12B0343-FB6B-4BA0-92DC-B8E8A1E00CA7}.Release|Any CPU.Deploy.0 = Release|Any CPU
		{B12B0343-FB6B-4BA0-92DC-B8E8A1E00CA7}.Release|iPhone.ActiveCfg = Release|Any CPU
		{B12B0343-FB6B-4BA0-92DC-B8E8A1E00CA7}.Release|iPhone.Build.0 = Release|Any CPU
		{B12B0343-FB6B-4BA0-92DC-B8E8A1E00CA7}.Release|iPhone.Deploy.0 = Release|Any CPU
		{B12B0343-FB6B-4BA0-92DC-B8E8A1E00CA7}.Release|iPhoneSimulator.ActiveCfg = Release|Any CPU
		{B12B0343-FB6B-4BA0-92DC-B8E8A1E00CA7}.Release|iPhoneSimulator.Build.0 = Release|Any CPU
		{B12B0343-FB6B-4BA0-92DC-B8E8A1E00CA7}.Release|iPhoneSimulator.Deploy.0 = Release|Any CPU
		{69D6DCE7-1883-451B-8052-8DE5595CE3B8}.Debug|Any CPU.ActiveCfg = Debug|iPhoneSimulator
		{69D6DCE7-1883-451B-8052-8DE5595CE3B8}.Debug|Any CPU.Build.0 = Debug|iPhoneSimulator
		{69D6DCE7-1883-451B-8052-8DE5595CE3B8}.Debug|Any CPU.Deploy.0 = Debug|iPhoneSimulator
		{69D6DCE7-1883-451B-8052-8DE5595CE3B8}.Debug|iPhone.ActiveCfg = Debug|iPhone
		{69D6DCE7-1883-451B-8052-8DE5595CE3B8}.Debug|iPhone.Build.0 = Debug|iPhone
		{69D6DCE7-1883-451B-8052-8DE5595CE3B8}.Debug|iPhone.Deploy.0 = Debug|iPhone
		{69D6DCE7-1883-451B-8052-8DE5595CE3B8}.Debug|iPhoneSimulator.ActiveCfg = Debug|iPhoneSimulator
		{69D6DCE7-1883-451B-8052-8DE5595CE3B8}.Debug|iPhoneSimulator.Build.0 = Debug|iPhoneSimulator
		{69D6DCE7-1883-451B-8052-8DE5595CE3B8}.Debug|iPhoneSimulator.Deploy.0 = Debug|iPhoneSimulator
		{69D6DCE7-1883-451B-8052-8DE5595CE3B8}.Release|Any CPU.ActiveCfg = Release|iPhone
		{69D6DCE7-1883-451B-8052-8DE5595CE3B8}.Release|Any CPU.Build.0 = Release|iPhone
		{69D6DCE7-1883-451B-8052-8DE5595CE3B8}.Release|Any CPU.Deploy.0 = Release|iPhone
		{69D6DCE7-1883-451B-8052-8DE5595CE3B8}.Release|iPhone.ActiveCfg = Release|iPhone
		{69D6DCE7-1883-451B-8052-8DE5595CE3B8}.Release|iPhone.Build.0 = Release|iPhone
		{69D6DCE7-1883-451B-8052-8DE5595CE3B8}.Release|iPhone.Deploy.0 = Release|iPhone
		{69D6DCE7-1883-451B-8052-8DE5595CE3B8}.Release|iPhoneSimulator.ActiveCfg = Release|iPhoneSimulator
		{69D6DCE7-1883-451B-8052-8DE5595CE3B8}.Release|iPhoneSimulator.Build.0 = Release|iPhoneSimulator
		{69D6DCE7-1883-451B-8052-8DE5595CE3B8}.Release|iPhoneSimulator.Deploy.0 = Release|iPhoneSimulator
		{B1FB8A71-F811-4A3B-8ED5-6A6B97C758F1}.Debug|Any CPU.ActiveCfg = Debug|Any CPU
		{B1FB8A71-F811-4A3B-8ED5-6A6B97C758F1}.Debug|Any CPU.Build.0 = Debug|Any CPU
		{B1FB8A71-F811-4A3B-8ED5-6A6B97C758F1}.Debug|Any CPU.Deploy.0 = Debug|Any CPU
		{B1FB8A71-F811-4A3B-8ED5-6A6B97C758F1}.Debug|iPhone.ActiveCfg = Debug|Any CPU
		{B1FB8A71-F811-4A3B-8ED5-6A6B97C758F1}.Debug|iPhone.Build.0 = Debug|Any CPU
		{B1FB8A71-F811-4A3B-8ED5-6A6B97C758F1}.Debug|iPhone.Deploy.0 = Debug|Any CPU
		{B1FB8A71-F811-4A3B-8ED5-6A6B97C758F1}.Debug|iPhoneSimulator.ActiveCfg = Debug|Any CPU
		{B1FB8A71-F811-4A3B-8ED5-6A6B97C758F1}.Debug|iPhoneSimulator.Build.0 = Debug|Any CPU
		{B1FB8A71-F811-4A3B-8ED5-6A6B97C758F1}.Debug|iPhoneSimulator.Deploy.0 = Debug|Any CPU
		{B1FB8A71-F811-4A3B-8ED5-6A6B97C758F1}.Release|Any CPU.ActiveCfg = Release|Any CPU
		{B1FB8A71-F811-4A3B-8ED5-6A6B97C758F1}.Release|Any CPU.Build.0 = Release|Any CPU
		{B1FB8A71-F811-4A3B-8ED5-6A6B97C758F1}.Release|Any CPU.Deploy.0 = Release|Any CPU
		{B1FB8A71-F811-4A3B-8ED5-6A6B97C758F1}.Release|iPhone.ActiveCfg = Release|Any CPU
		{B1FB8A71-F811-4A3B-8ED5-6A6B97C758F1}.Release|iPhone.Build.0 = Release|Any CPU
		{B1FB8A71-F811-4A3B-8ED5-6A6B97C758F1}.Release|iPhone.Deploy.0 = Release|Any CPU
		{B1FB8A71-F811-4A3B-8ED5-6A6B97C758F1}.Release|iPhoneSimulator.ActiveCfg = Release|Any CPU
		{B1FB8A71-F811-4A3B-8ED5-6A6B97C758F1}.Release|iPhoneSimulator.Build.0 = Release|Any CPU
		{B1FB8A71-F811-4A3B-8ED5-6A6B97C758F1}.Release|iPhoneSimulator.Deploy.0 = Release|Any CPU
	EndGlobalSection
	GlobalSection(SolutionProperties) = preSolution
		HideSolutionNode = FALSE
	EndGlobalSection
	GlobalSection(ExtensibilityGlobals) = postSolution
		SolutionGuid = {3FD9CA6D-4002-4044-8141-05CEFB7386F1}
	EndGlobalSection
EndGlobal
