
Microsoft Visual Studio Solution File, Format Version 12.00
# Visual Studio Version 16
VisualStudioVersion = 16.0.29613.14
MinimumVisualStudioVersion = 10.0.40219.1
Project("{FAE04EC0-301F-11D3-BF4B-00C04F79EFBC}") = "Listas1.Android", "Listas1\Listas1.Android\Listas1.Android.csproj", "{EB953023-66D2-404A-9E70-9A91A05EDB30}"
EndProject
Project("{FAE04EC0-301F-11D3-BF4B-00C04F79EFBC}") = "Listas1.iOS", "Listas1\Listas1.iOS\Listas1.iOS.csproj", "{224F819A-D5DB-4034-9AA3-44020CCAF36A}"
EndProject
Project("{FAE04EC0-301F-11D3-BF4B-00C04F79EFBC}") = "Listas1", "Listas1\Listas1\Listas1.csproj", "{06EBFDE5-9CA2-48F4-B9FA-4B009D2179D6}"
EndProject
Global
	GlobalSection(SolutionConfigurationPlatforms) = preSolution
		Debug|Any CPU = Debug|Any CPU
		Debug|iPhone = Debug|iPhone
		Debug|iPhoneSimulator = Debug|iPhoneSimulator
		Release|Any CPU = Release|Any CPU
		Release|iPhone = Release|iPhone
		Release|iPhoneSimulator = Release|iPhoneSimulator
	EndGlobalSection
	GlobalSection(ProjectConfigurationPlatforms) = postSolution
		{EB953023-66D2-404A-9E70-9A91A05EDB30}.Debug|Any CPU.ActiveCfg = Debug|Any CPU
		{EB953023-66D2-404A-9E70-9A91A05EDB30}.Debug|Any CPU.Build.0 = Debug|Any CPU
		{EB953023-66D2-404A-9E70-9A91A05EDB30}.Debug|Any CPU.Deploy.0 = Debug|Any CPU
		{EB953023-66D2-404A-9E70-9A91A05EDB30}.Debug|iPhone.ActiveCfg = Debug|Any CPU
		{EB953023-66D2-404A-9E70-9A91A05EDB30}.Debug|iPhone.Build.0 = Debug|Any CPU
		{EB953023-66D2-404A-9E70-9A91A05EDB30}.Debug|iPhone.Deploy.0 = Debug|Any CPU
		{EB953023-66D2-404A-9E70-9A91A05EDB30}.Debug|iPhoneSimulator.ActiveCfg = Debug|Any CPU
		{EB953023-66D2-404A-9E70-9A91A05EDB30}.Debug|iPhoneSimulator.Build.0 = Debug|Any CPU
		{EB953023-66D2-404A-9E70-9A91A05EDB30}.Debug|iPhoneSimulator.Deploy.0 = Debug|Any CPU
		{EB953023-66D2-404A-9E70-9A91A05EDB30}.Release|Any CPU.ActiveCfg = Release|Any CPU
		{EB953023-66D2-404A-9E70-9A91A05EDB30}.Release|Any CPU.Build.0 = Release|Any CPU
		{EB953023-66D2-404A-9E70-9A91A05EDB30}.Release|Any CPU.Deploy.0 = Release|Any CPU
		{EB953023-66D2-404A-9E70-9A91A05EDB30}.Release|iPhone.ActiveCfg = Release|Any CPU
		{EB953023-66D2-404A-9E70-9A91A05EDB30}.Release|iPhone.Build.0 = Release|Any CPU
		{EB953023-66D2-404A-9E70-9A91A05EDB30}.Release|iPhone.Deploy.0 = Release|Any CPU
		{EB953023-66D2-404A-9E70-9A91A05EDB30}.Release|iPhoneSimulator.ActiveCfg = Release|Any CPU
		{EB953023-66D2-404A-9E70-9A91A05EDB30}.Release|iPhoneSimulator.Build.0 = Release|Any CPU
		{EB953023-66D2-404A-9E70-9A91A05EDB30}.Release|iPhoneSimulator.Deploy.0 = Release|Any CPU
		{224F819A-D5DB-4034-9AA3-44020CCAF36A}.Debug|Any CPU.ActiveCfg = Debug|iPhoneSimulator
		{224F819A-D5DB-4034-9AA3-44020CCAF36A}.Debug|Any CPU.Build.0 = Debug|iPhoneSimulator
		{224F819A-D5DB-4034-9AA3-44020CCAF36A}.Debug|Any CPU.Deploy.0 = Debug|iPhoneSimulator
		{224F819A-D5DB-4034-9AA3-44020CCAF36A}.Debug|iPhone.ActiveCfg = Debug|iPhone
		{224F819A-D5DB-4034-9AA3-44020CCAF36A}.Debug|iPhone.Build.0 = Debug|iPhone
		{224F819A-D5DB-4034-9AA3-44020CCAF36A}.Debug|iPhone.Deploy.0 = Debug|iPhone
		{224F819A-D5DB-4034-9AA3-44020CCAF36A}.Debug|iPhoneSimulator.ActiveCfg = Debug|iPhoneSimulator
		{224F819A-D5DB-4034-9AA3-44020CCAF36A}.Debug|iPhoneSimulator.Build.0 = Debug|iPhoneSimulator
		{224F819A-D5DB-4034-9AA3-44020CCAF36A}.Debug|iPhoneSimulator.Deploy.0 = Debug|iPhoneSimulator
		{224F819A-D5DB-4034-9AA3-44020CCAF36A}.Release|Any CPU.ActiveCfg = Release|iPhone
		{224F819A-D5DB-4034-9AA3-44020CCAF36A}.Release|Any CPU.Build.0 = Release|iPhone
		{224F819A-D5DB-4034-9AA3-44020CCAF36A}.Release|Any CPU.Deploy.0 = Release|iPhone
		{224F819A-D5DB-4034-9AA3-44020CCAF36A}.Release|iPhone.ActiveCfg = Release|iPhone
		{224F819A-D5DB-4034-9AA3-44020CCAF36A}.Release|iPhone.Build.0 = Release|iPhone
		{224F819A-D5DB-4034-9AA3-44020CCAF36A}.Release|iPhone.Deploy.0 = Release|iPhone
		{224F819A-D5DB-4034-9AA3-44020CCAF36A}.Release|iPhoneSimulator.ActiveCfg = Release|iPhoneSimulator
		{224F819A-D5DB-4034-9AA3-44020CCAF36A}.Release|iPhoneSimulator.Build.0 = Release|iPhoneSimulator
		{224F819A-D5DB-4034-9AA3-44020CCAF36A}.Release|iPhoneSimulator.Deploy.0 = Release|iPhoneSimulator
		{06EBFDE5-9CA2-48F4-B9FA-4B009D2179D6}.Debug|Any CPU.ActiveCfg = Debug|Any CPU
		{06EBFDE5-9CA2-48F4-B9FA-4B009D2179D6}.Debug|Any CPU.Build.0 = Debug|Any CPU
		{06EBFDE5-9CA2-48F4-B9FA-4B009D2179D6}.Debug|Any CPU.Deploy.0 = Debug|Any CPU
		{06EBFDE5-9CA2-48F4-B9FA-4B009D2179D6}.Debug|iPhone.ActiveCfg = Debug|Any CPU
		{06EBFDE5-9CA2-48F4-B9FA-4B009D2179D6}.Debug|iPhone.Build.0 = Debug|Any CPU
		{06EBFDE5-9CA2-48F4-B9FA-4B009D2179D6}.Debug|iPhone.Deploy.0 = Debug|Any CPU
		{06EBFDE5-9CA2-48F4-B9FA-4B009D2179D6}.Debug|iPhoneSimulator.ActiveCfg = Debug|Any CPU
		{06EBFDE5-9CA2-48F4-B9FA-4B009D2179D6}.Debug|iPhoneSimulator.Build.0 = Debug|Any CPU
		{06EBFDE5-9CA2-48F4-B9FA-4B009D2179D6}.Debug|iPhoneSimulator.Deploy.0 = Debug|Any CPU
		{06EBFDE5-9CA2-48F4-B9FA-4B009D2179D6}.Release|Any CPU.ActiveCfg = Release|Any CPU
		{06EBFDE5-9CA2-48F4-B9FA-4B009D2179D6}.Release|Any CPU.Build.0 = Release|Any CPU
		{06EBFDE5-9CA2-48F4-B9FA-4B009D2179D6}.Release|Any CPU.Deploy.0 = Release|Any CPU
		{06EBFDE5-9CA2-48F4-B9FA-4B009D2179D6}.Release|iPhone.ActiveCfg = Release|Any CPU
		{06EBFDE5-9CA2-48F4-B9FA-4B009D2179D6}.Release|iPhone.Build.0 = Release|Any CPU
		{06EBFDE5-9CA2-48F4-B9FA-4B009D2179D6}.Release|iPhone.Deploy.0 = Release|Any CPU
		{06EBFDE5-9CA2-48F4-B9FA-4B009D2179D6}.Release|iPhoneSimulator.ActiveCfg = Release|Any CPU
		{06EBFDE5-9CA2-48F4-B9FA-4B009D2179D6}.Release|iPhoneSimulator.Build.0 = Release|Any CPU
		{06EBFDE5-9CA2-48F4-B9FA-4B009D2179D6}.Release|iPhoneSimulator.Deploy.0 = Release|Any CPU
	EndGlobalSection
	GlobalSection(SolutionProperties) = preSolution
		HideSolutionNode = FALSE
	EndGlobalSection
	GlobalSection(ExtensibilityGlobals) = postSolution
		SolutionGuid = {2A2E735F-8316-429A-8D7A-FEF57B0E5BFA}
	EndGlobalSection
EndGlobal
